
Microsoft Visual Studio Solution File, Format Version 12.00
# Visual Studio Version 17
VisualStudioVersion = 17.10.35122.118
MinimumVisualStudioVersion = 10.0.40219.1
Project("{FAE04EC0-301F-11D3-BF4B-00C04F79EFBC}") = "InClass20241121-IS3050", "InClass20241121-IS3050\InClass20241121-IS3050.csproj", "{88F7C2F3-249E-4AB7-AE6D-499AE523D4D9}"
EndProject
Global
	GlobalSection(SolutionConfigurationPlatforms) = preSolution
		Debug|Any CPU = Debug|Any CPU
		Release|Any CPU = Release|Any CPU
	EndGlobalSection
	GlobalSection(ProjectConfigurationPlatforms) = postSolution
		{88F7C2F3-249E-4AB7-AE6D-499AE523D4D9}.Debug|Any CPU.ActiveCfg = Debug|Any CPU
		{88F7C2F3-249E-4AB7-AE6D-499AE523D4D9}.Debug|Any CPU.Build.0 = Debug|Any CPU
		{88F7C2F3-249E-4AB7-AE6D-499AE523D4D9}.Release|Any CPU.ActiveCfg = Release|Any CPU
		{88F7C2F3-249E-4AB7-AE6D-499AE523D4D9}.Release|Any CPU.Build.0 = Release|Any CPU
	EndGlobalSection
	GlobalSection(SolutionProperties) = preSolution
		HideSolutionNode = FALSE
	EndGlobalSection
	GlobalSection(ExtensibilityGlobals) = postSolution
		SolutionGuid = {30574A97-5DCE-4A42-BEDC-3776C24F168C}
	EndGlobalSection
EndGlobal
